
Microsoft Visual Studio Solution File, Format Version 12.00
# Visual Studio Version 17
VisualStudioVersion = 17.11.35219.272
MinimumVisualStudioVersion = 10.0.40219.1
Project("{FAE04EC0-301F-11D3-BF4B-00C04F79EFBC}") = "HashTables", "HashTables.csproj", "{79A2915A-AB77-4C42-897E-EEDE14A18EB7}"
EndProject
Global
	GlobalSection(SolutionConfigurationPlatforms) = preSolution
		Debug|Any CPU = Debug|Any CPU
		Release|Any CPU = Release|Any CPU
	EndGlobalSection
	GlobalSection(ProjectConfigurationPlatforms) = postSolution
		{79A2915A-AB77-4C42-897E-EEDE14A18EB7}.Debug|Any CPU.ActiveCfg = Debug|Any CPU
		{79A2915A-AB77-4C42-897E-EEDE14A18EB7}.Debug|Any CPU.Build.0 = Debug|Any CPU
		{79A2915A-AB77-4C42-897E-EEDE14A18EB7}.Release|Any CPU.ActiveCfg = Release|Any CPU
		{79A2915A-AB77-4C42-897E-EEDE14A18EB7}.Release|Any CPU.Build.0 = Release|Any CPU
	EndGlobalSection
	GlobalSection(SolutionProperties) = preSolution
		HideSolutionNode = FALSE
	EndGlobalSection
	GlobalSection(ExtensibilityGlobals) = postSolution
		SolutionGuid = {ED34A2F6-007B-4180-B550-D8CF73DABC89}
	EndGlobalSection
EndGlobal
