
Microsoft Visual Studio Solution File, Format Version 12.00
# Visual Studio Version 17
VisualStudioVersion = 17.7.34009.444
MinimumVisualStudioVersion = 10.0.40219.1
Project("{FAE04EC0-301F-11D3-BF4B-00C04F79EFBC}") = "BasicTree", "BasicTree.csproj", "{1071EF69-3752-46F6-BF44-B322FD4851E8}"
EndProject
Global
	GlobalSection(SolutionConfigurationPlatforms) = preSolution
		Debug|Any CPU = Debug|Any CPU
		Release|Any CPU = Release|Any CPU
	EndGlobalSection
	GlobalSection(ProjectConfigurationPlatforms) = postSolution
		{1071EF69-3752-46F6-BF44-B322FD4851E8}.Debug|Any CPU.ActiveCfg = Debug|Any CPU
		{1071EF69-3752-46F6-BF44-B322FD4851E8}.Debug|Any CPU.Build.0 = Debug|Any CPU
		{1071EF69-3752-46F6-BF44-B322FD4851E8}.Release|Any CPU.ActiveCfg = Release|Any CPU
		{1071EF69-3752-46F6-BF44-B322FD4851E8}.Release|Any CPU.Build.0 = Release|Any CPU
	EndGlobalSection
	GlobalSection(SolutionProperties) = preSolution
		HideSolutionNode = FALSE
	EndGlobalSection
	GlobalSection(ExtensibilityGlobals) = postSolution
		SolutionGuid = {9C7D7A76-D9E3-41F6-A471-169E8A8BC5A1}
	EndGlobalSection
EndGlobal
