
Microsoft Visual Studio Solution File, Format Version 12.00
# Visual Studio Version 17
VisualStudioVersion = 17.11.35219.272
MinimumVisualStudioVersion = 10.0.40219.1
Project("{FAE04EC0-301F-11D3-BF4B-00C04F79EFBC}") = "UndirectedGraph", "UndirectedGraph.csproj", "{A9B6200C-CFFE-4471-9817-7FEB1817126F}"
EndProject
Global
	GlobalSection(SolutionConfigurationPlatforms) = preSolution
		Debug|Any CPU = Debug|Any CPU
		Release|Any CPU = Release|Any CPU
	EndGlobalSection
	GlobalSection(ProjectConfigurationPlatforms) = postSolution
		{A9B6200C-CFFE-4471-9817-7FEB1817126F}.Debug|Any CPU.ActiveCfg = Debug|Any CPU
		{A9B6200C-CFFE-4471-9817-7FEB1817126F}.Debug|Any CPU.Build.0 = Debug|Any CPU
		{A9B6200C-CFFE-4471-9817-7FEB1817126F}.Release|Any CPU.ActiveCfg = Release|Any CPU
		{A9B6200C-CFFE-4471-9817-7FEB1817126F}.Release|Any CPU.Build.0 = Release|Any CPU
	EndGlobalSection
	GlobalSection(SolutionProperties) = preSolution
		HideSolutionNode = FALSE
	EndGlobalSection
	GlobalSection(ExtensibilityGlobals) = postSolution
		SolutionGuid = {54DEE59F-D1F1-4C59-8D72-322B26817D35}
	EndGlobalSection
EndGlobal
