
Microsoft Visual Studio Solution File, Format Version 12.00
# Visual Studio Version 17
VisualStudioVersion = 17.10.35027.167
MinimumVisualStudioVersion = 10.0.40219.1
Project("{FAE04EC0-301F-11D3-BF4B-00C04F79EFBC}") = "ArraysSpaceVC", "ArraysSpaceVC\ArraysSpaceVC.csproj", "{20802D5E-4D8A-41F0-88A8-887EEAA43AE3}"
EndProject
Global
	GlobalSection(SolutionConfigurationPlatforms) = preSolution
		Debug|Any CPU = Debug|Any CPU
		Release|Any CPU = Release|Any CPU
	EndGlobalSection
	GlobalSection(ProjectConfigurationPlatforms) = postSolution
		{20802D5E-4D8A-41F0-88A8-887EEAA43AE3}.Debug|Any CPU.ActiveCfg = Debug|Any CPU
		{20802D5E-4D8A-41F0-88A8-887EEAA43AE3}.Debug|Any CPU.Build.0 = Debug|Any CPU
		{20802D5E-4D8A-41F0-88A8-887EEAA43AE3}.Release|Any CPU.ActiveCfg = Release|Any CPU
		{20802D5E-4D8A-41F0-88A8-887EEAA43AE3}.Release|Any CPU.Build.0 = Release|Any CPU
	EndGlobalSection
	GlobalSection(SolutionProperties) = preSolution
		HideSolutionNode = FALSE
	EndGlobalSection
	GlobalSection(ExtensibilityGlobals) = postSolution
		SolutionGuid = {73529571-9C69-4452-984E-28CE507A9DFB}
	EndGlobalSection
EndGlobal
