
Microsoft Visual Studio Solution File, Format Version 12.00
# Visual Studio Version 17
VisualStudioVersion = 17.6.33829.357
MinimumVisualStudioVersion = 10.0.40219.1
Project("{FAE04EC0-301F-11D3-BF4B-00C04F79EFBC}") = "StudentScores", "StudentScores\StudentScores.csproj", "{AB244EC5-293A-423C-BCEF-6C10BCC4CE67}"
EndProject
Global
	GlobalSection(SolutionConfigurationPlatforms) = preSolution
		Debug|Any CPU = Debug|Any CPU
		Release|Any CPU = Release|Any CPU
	EndGlobalSection
	GlobalSection(ProjectConfigurationPlatforms) = postSolution
		{AB244EC5-293A-423C-BCEF-6C10BCC4CE67}.Debug|Any CPU.ActiveCfg = Debug|Any CPU
		{AB244EC5-293A-423C-BCEF-6C10BCC4CE67}.Debug|Any CPU.Build.0 = Debug|Any CPU
		{AB244EC5-293A-423C-BCEF-6C10BCC4CE67}.Release|Any CPU.ActiveCfg = Release|Any CPU
		{AB244EC5-293A-423C-BCEF-6C10BCC4CE67}.Release|Any CPU.Build.0 = Release|Any CPU
	EndGlobalSection
	GlobalSection(SolutionProperties) = preSolution
		HideSolutionNode = FALSE
	EndGlobalSection
	GlobalSection(ExtensibilityGlobals) = postSolution
		SolutionGuid = {597D1EDF-E773-4575-96BB-2D150479FDD3}
	EndGlobalSection
EndGlobal
