
Microsoft Visual Studio Solution File, Format Version 12.00
# Visual Studio Version 17
VisualStudioVersion = 17.8.34525.116
MinimumVisualStudioVersion = 10.0.40219.1
Project("{FAE04EC0-301F-11D3-BF4B-00C04F79EFBC}") = "MultiDimensionalArray", "MultiDimensionalArray.csproj", "{2B5E2C4D-019E-4BCB-8C1F-F3C8041E4242}"
EndProject
Global
	GlobalSection(SolutionConfigurationPlatforms) = preSolution
		Debug|Any CPU = Debug|Any CPU
		Release|Any CPU = Release|Any CPU
	EndGlobalSection
	GlobalSection(ProjectConfigurationPlatforms) = postSolution
		{2B5E2C4D-019E-4BCB-8C1F-F3C8041E4242}.Debug|Any CPU.ActiveCfg = Debug|Any CPU
		{2B5E2C4D-019E-4BCB-8C1F-F3C8041E4242}.Debug|Any CPU.Build.0 = Debug|Any CPU
		{2B5E2C4D-019E-4BCB-8C1F-F3C8041E4242}.Release|Any CPU.ActiveCfg = Release|Any CPU
		{2B5E2C4D-019E-4BCB-8C1F-F3C8041E4242}.Release|Any CPU.Build.0 = Release|Any CPU
	EndGlobalSection
	GlobalSection(SolutionProperties) = preSolution
		HideSolutionNode = FALSE
	EndGlobalSection
	GlobalSection(ExtensibilityGlobals) = postSolution
		SolutionGuid = {7BAA97E0-222A-4B24-988E-C9FF7D2FC3FD}
	EndGlobalSection
EndGlobal
