
Microsoft Visual Studio Solution File, Format Version 12.00
# Visual Studio Version 17
VisualStudioVersion = 17.10.35027.167
MinimumVisualStudioVersion = 10.0.40219.1
Project("{FAE04EC0-301F-11D3-BF4B-00C04F79EFBC}") = "HashMap", "HashMap.csproj", "{BD00D5E9-577F-4853-A5C8-BE2299D34C2B}"
EndProject
Global
	GlobalSection(SolutionConfigurationPlatforms) = preSolution
		Debug|Any CPU = Debug|Any CPU
		Release|Any CPU = Release|Any CPU
	EndGlobalSection
	GlobalSection(ProjectConfigurationPlatforms) = postSolution
		{BD00D5E9-577F-4853-A5C8-BE2299D34C2B}.Debug|Any CPU.ActiveCfg = Debug|Any CPU
		{BD00D5E9-577F-4853-A5C8-BE2299D34C2B}.Debug|Any CPU.Build.0 = Debug|Any CPU
		{BD00D5E9-577F-4853-A5C8-BE2299D34C2B}.Release|Any CPU.ActiveCfg = Release|Any CPU
		{BD00D5E9-577F-4853-A5C8-BE2299D34C2B}.Release|Any CPU.Build.0 = Release|Any CPU
	EndGlobalSection
	GlobalSection(SolutionProperties) = preSolution
		HideSolutionNode = FALSE
	EndGlobalSection
	GlobalSection(ExtensibilityGlobals) = postSolution
		SolutionGuid = {F633312F-864F-42B0-92CB-99A8624FBFBF}
	EndGlobalSection
EndGlobal
