
Microsoft Visual Studio Solution File, Format Version 12.00
# Visual Studio Version 17
VisualStudioVersion = 17.8.34525.116
MinimumVisualStudioVersion = 10.0.40219.1
Project("{FAE04EC0-301F-11D3-BF4B-00C04F79EFBC}") = "Arrays", "Arrays.csproj", "{D7AEC8CF-5033-4CAD-BC88-65FB0AD9EED4}"
EndProject
Global
	GlobalSection(SolutionConfigurationPlatforms) = preSolution
		Debug|Any CPU = Debug|Any CPU
		Release|Any CPU = Release|Any CPU
	EndGlobalSection
	GlobalSection(ProjectConfigurationPlatforms) = postSolution
		{D7AEC8CF-5033-4CAD-BC88-65FB0AD9EED4}.Debug|Any CPU.ActiveCfg = Debug|Any CPU
		{D7AEC8CF-5033-4CAD-BC88-65FB0AD9EED4}.Debug|Any CPU.Build.0 = Debug|Any CPU
		{D7AEC8CF-5033-4CAD-BC88-65FB0AD9EED4}.Release|Any CPU.ActiveCfg = Release|Any CPU
		{D7AEC8CF-5033-4CAD-BC88-65FB0AD9EED4}.Release|Any CPU.Build.0 = Release|Any CPU
	EndGlobalSection
	GlobalSection(SolutionProperties) = preSolution
		HideSolutionNode = FALSE
	EndGlobalSection
	GlobalSection(ExtensibilityGlobals) = postSolution
		SolutionGuid = {7A5CD83C-6266-4CC1-B1D2-C6D31F66D524}
	EndGlobalSection
EndGlobal
