
Microsoft Visual Studio Solution File, Format Version 12.00
# Visual Studio Version 17
VisualStudioVersion = 17.6.33829.357
MinimumVisualStudioVersion = 10.0.40219.1
Project("{FAE04EC0-301F-11D3-BF4B-00C04F79EFBC}") = "Understanding Linked Lists", "Understanding Linked Lists\Understanding Linked Lists.csproj", "{B187B33E-8F5C-423A-8005-2201A131FA5D}"
EndProject
Global
	GlobalSection(SolutionConfigurationPlatforms) = preSolution
		Debug|Any CPU = Debug|Any CPU
		Release|Any CPU = Release|Any CPU
	EndGlobalSection
	GlobalSection(ProjectConfigurationPlatforms) = postSolution
		{B187B33E-8F5C-423A-8005-2201A131FA5D}.Debug|Any CPU.ActiveCfg = Debug|Any CPU
		{B187B33E-8F5C-423A-8005-2201A131FA5D}.Debug|Any CPU.Build.0 = Debug|Any CPU
		{B187B33E-8F5C-423A-8005-2201A131FA5D}.Release|Any CPU.ActiveCfg = Release|Any CPU
		{B187B33E-8F5C-423A-8005-2201A131FA5D}.Release|Any CPU.Build.0 = Release|Any CPU
	EndGlobalSection
	GlobalSection(SolutionProperties) = preSolution
		HideSolutionNode = FALSE
	EndGlobalSection
	GlobalSection(ExtensibilityGlobals) = postSolution
		SolutionGuid = {1909D183-0702-4C41-AAD3-4B2C1093B69F}
	EndGlobalSection
EndGlobal
