
Microsoft Visual Studio Solution File, Format Version 12.00
# Visual Studio Version 17
VisualStudioVersion = 17.7.34009.444
MinimumVisualStudioVersion = 10.0.40219.1
Project("{FAE04EC0-301F-11D3-BF4B-00C04F79EFBC}") = "DlinkList", "DlinkList\DlinkList.csproj", "{B68D291A-0DE9-4D12-94D0-D2E4DD1E6DDE}"
EndProject
Global
	GlobalSection(SolutionConfigurationPlatforms) = preSolution
		Debug|Any CPU = Debug|Any CPU
		Release|Any CPU = Release|Any CPU
	EndGlobalSection
	GlobalSection(ProjectConfigurationPlatforms) = postSolution
		{B68D291A-0DE9-4D12-94D0-D2E4DD1E6DDE}.Debug|Any CPU.ActiveCfg = Debug|Any CPU
		{B68D291A-0DE9-4D12-94D0-D2E4DD1E6DDE}.Debug|Any CPU.Build.0 = Debug|Any CPU
		{B68D291A-0DE9-4D12-94D0-D2E4DD1E6DDE}.Release|Any CPU.ActiveCfg = Release|Any CPU
		{B68D291A-0DE9-4D12-94D0-D2E4DD1E6DDE}.Release|Any CPU.Build.0 = Release|Any CPU
	EndGlobalSection
	GlobalSection(SolutionProperties) = preSolution
		HideSolutionNode = FALSE
	EndGlobalSection
	GlobalSection(ExtensibilityGlobals) = postSolution
		SolutionGuid = {EAD28189-3FC3-4F7E-AA8D-893F5671EA89}
	EndGlobalSection
EndGlobal
