
Microsoft Visual Studio Solution File, Format Version 12.00
# Visual Studio Version 17
VisualStudioVersion = 17.10.35027.167
MinimumVisualStudioVersion = 10.0.40219.1
Project("{FAE04EC0-301F-11D3-BF4B-00C04F79EFBC}") = "Bookstore Inventory", "Bookstore Inventory.csproj", "{11EE35BB-77CA-4F64-A95A-965F7A205EC3}"
EndProject
Global
	GlobalSection(SolutionConfigurationPlatforms) = preSolution
		Debug|Any CPU = Debug|Any CPU
		Release|Any CPU = Release|Any CPU
	EndGlobalSection
	GlobalSection(ProjectConfigurationPlatforms) = postSolution
		{11EE35BB-77CA-4F64-A95A-965F7A205EC3}.Debug|Any CPU.ActiveCfg = Debug|Any CPU
		{11EE35BB-77CA-4F64-A95A-965F7A205EC3}.Debug|Any CPU.Build.0 = Debug|Any CPU
		{11EE35BB-77CA-4F64-A95A-965F7A205EC3}.Release|Any CPU.ActiveCfg = Release|Any CPU
		{11EE35BB-77CA-4F64-A95A-965F7A205EC3}.Release|Any CPU.Build.0 = Release|Any CPU
	EndGlobalSection
	GlobalSection(SolutionProperties) = preSolution
		HideSolutionNode = FALSE
	EndGlobalSection
	GlobalSection(ExtensibilityGlobals) = postSolution
		SolutionGuid = {B41977CB-77B5-4D10-8104-4F3972111C7E}
	EndGlobalSection
EndGlobal
