
Microsoft Visual Studio Solution File, Format Version 12.00
# Visual Studio Version 17
VisualStudioVersion = 17.6.33829.357
MinimumVisualStudioVersion = 10.0.40219.1
Project("{FAE04EC0-301F-11D3-BF4B-00C04F79EFBC}") = "JaggedArrayExample", "JaggedArrayExample\JaggedArrayExample.csproj", "{939392BB-7199-4D85-90F8-8E9F2560007F}"
EndProject
Global
	GlobalSection(SolutionConfigurationPlatforms) = preSolution
		Debug|Any CPU = Debug|Any CPU
		Release|Any CPU = Release|Any CPU
	EndGlobalSection
	GlobalSection(ProjectConfigurationPlatforms) = postSolution
		{939392BB-7199-4D85-90F8-8E9F2560007F}.Debug|Any CPU.ActiveCfg = Debug|Any CPU
		{939392BB-7199-4D85-90F8-8E9F2560007F}.Debug|Any CPU.Build.0 = Debug|Any CPU
		{939392BB-7199-4D85-90F8-8E9F2560007F}.Release|Any CPU.ActiveCfg = Release|Any CPU
		{939392BB-7199-4D85-90F8-8E9F2560007F}.Release|Any CPU.Build.0 = Release|Any CPU
	EndGlobalSection
	GlobalSection(SolutionProperties) = preSolution
		HideSolutionNode = FALSE
	EndGlobalSection
	GlobalSection(ExtensibilityGlobals) = postSolution
		SolutionGuid = {0CA918BA-CD66-44B0-9812-77E9CBC5EF72}
	EndGlobalSection
EndGlobal
